{
  "name": "False Ceiling Design",
  "lockfileVersion": 3,
  "requires": true,
  "packages": {
    "": {
      "dependencies": {
        "@rive-app/canvas": "^2.26.1"
      }
    },
    "node_modules/@rive-app/canvas": {
      "version": "2.26.1",
      "resolved": "https://registry.npmjs.org/@rive-app/canvas/-/canvas-2.26.1.tgz",
      "integrity": "sha512-u1v0736FMzxS5E6h7M0xdN59VA1B+Y8dNedwRdItrl2nsgfFUzcFKfL3PT1mCA0RzeUxD7duOmPyPPfb8d9dxw=="
    }
  }
}
